
Microsoft Visual Studio Solution File, Format Version 12.00
# Visual Studio 15
VisualStudioVersion = 15.0.28307.779
MinimumVisualStudioVersion = 10.0.40219.1
Project("{FAE04EC0-301F-11D3-BF4B-00C04F79EFBC}") = "App", "App\App.csproj", "{A2D14562-6302-42BD-9962-4DDDE1EF5FBD}"
EndProject
Global
	GlobalSection(SolutionConfigurationPlatforms) = preSolution
		Debug|Any CPU = Debug|Any CPU
		Release|Any CPU = Release|Any CPU
	EndGlobalSection
	GlobalSection(ProjectConfigurationPlatforms) = postSolution
		{A2D14562-6302-42BD-9962-4DDDE1EF5FBD}.Debug|Any CPU.ActiveCfg = Debug|Any CPU
		{A2D14562-6302-42BD-9962-4DDDE1EF5FBD}.Debug|Any CPU.Build.0 = Debug|Any CPU
		{A2D14562-6302-42BD-9962-4DDDE1EF5FBD}.Release|Any CPU.ActiveCfg = Release|Any CPU
		{A2D14562-6302-42BD-9962-4DDDE1EF5FBD}.Release|Any CPU.Build.0 = Release|Any CPU
	EndGlobalSection
	GlobalSection(SolutionProperties) = preSolution
		HideSolutionNode = FALSE
	EndGlobalSection
	GlobalSection(ExtensibilityGlobals) = postSolution
		SolutionGuid = {8541F00B-99D4-45BF-A47D-4B352F6198FE}
	EndGlobalSection
EndGlobal
